
Microsoft Visual Studio Solution File, Format Version 12.00
# Visual Studio 15
VisualStudioVersion = 15.0.27130.2036
MinimumVisualStudioVersion = 10.0.40219.1
Project("{FAE04EC0-301F-11D3-BF4B-00C04F79EFBC}") = "ProductService", "ProductService\ProductService.csproj", "{9F647F53-7138-41C9-BC52-BA9A8281D865}"
EndProject
Global
	GlobalSection(SolutionConfigurationPlatforms) = preSolution
		Debug|Any CPU = Debug|Any CPU
		Release|Any CPU = Release|Any CPU
	EndGlobalSection
	GlobalSection(ProjectConfigurationPlatforms) = postSolution
		{9F647F53-7138-41C9-BC52-BA9A8281D865}.Debug|Any CPU.ActiveCfg = Debug|Any CPU
		{9F647F53-7138-41C9-BC52-BA9A8281D865}.Debug|Any CPU.Build.0 = Debug|Any CPU
		{9F647F53-7138-41C9-BC52-BA9A8281D865}.Release|Any CPU.ActiveCfg = Release|Any CPU
		{9F647F53-7138-41C9-BC52-BA9A8281D865}.Release|Any CPU.Build.0 = Release|Any CPU
	EndGlobalSection
	GlobalSection(SolutionProperties) = preSolution
		HideSolutionNode = FALSE
	EndGlobalSection
	GlobalSection(ExtensibilityGlobals) = postSolution
		SolutionGuid = {D16720CD-FF7E-44B0-8A3D-AC6A3AA2F704}
	EndGlobalSection
EndGlobal
